{
  "object": {
    "pins": [
      {
        "package": "Just",
        "repositoryURL": "https://github.com/alexiscn/Just",
        "state": {
          "branch": "master",
          "revision": "fcdd03f3df718d5f19f2edf274c2bf1689f08bdb",
          "version": null
        }
      }
    ]
  },
  "version": 1
}
